# This file is generated by running "yarn install" inside your project.
# Manual changes might be lost - proceed with caution!

__metadata:
  version: 8
  cacheKey: 10c0

"@tq-systems/em-vue3-core@workspace:.":
  version: 0.0.0-use.local
  resolution: "@tq-systems/em-vue3-core@workspace:."
  peerDependencies:
    vue: ^3.5.13
    vue-router: ^4.5.0
  peerDependenciesMeta:
    vue-router:
      optional: true
  languageName: unknown
  linkType: soft
